
Microsoft Visual Studio Solution File, Format Version 12.00
# Visual Studio 15
VisualStudioVersion = 15.0.26403.7
MinimumVisualStudioVersion = 10.0.40219.1
Project("{FAE04EC0-301F-11D3-BF4B-00C04F79EFBC}") = "TarefasApp.REST.ClienteAPI", "TarefasAppApi\TarefasApp.REST.ClienteAPI.csproj", "{F8F9031C-A0B8-4FFB-AE66-F71501709FA3}"
EndProject
Global
	GlobalSection(SolutionConfigurationPlatforms) = preSolution
		Debug|Any CPU = Debug|Any CPU
		Release|Any CPU = Release|Any CPU
	EndGlobalSection
	GlobalSection(ProjectConfigurationPlatforms) = postSolution
		{F8F9031C-A0B8-4FFB-AE66-F71501709FA3}.Debug|Any CPU.ActiveCfg = Debug|Any CPU
		{F8F9031C-A0B8-4FFB-AE66-F71501709FA3}.Debug|Any CPU.Build.0 = Debug|Any CPU
		{F8F9031C-A0B8-4FFB-AE66-F71501709FA3}.Release|Any CPU.ActiveCfg = Release|Any CPU
		{F8F9031C-A0B8-4FFB-AE66-F71501709FA3}.Release|Any CPU.Build.0 = Release|Any CPU
	EndGlobalSection
	GlobalSection(SolutionProperties) = preSolution
		HideSolutionNode = FALSE
	EndGlobalSection
EndGlobal
